{
    "_readme": [
        "This file locks the dependencies of your project to a known state",
        "Read more about it at https://getcomposer.org/doc/01-basic-usage.md#composer-lock-the-lock-file",
        "This file is @generated automatically"
    ],
    "content-hash": "453503f60d772a7903c447dc58540590",
    "packages": [
        {
            "name": "mautic/composer-plugin",
            "version": "1.0.0",
            "source": {
                "type": "git",
                "url": "https://github.com/mautic/composer-plugin.git",
                "reference": "27d2474ae8e39d30d28908d6f818e71fe32b8443"
            },
            "dist": {
                "type": "zip",
                "url": "https://api.github.com/repos/mautic/composer-plugin/zipball/27d2474ae8e39d30d28908d6f818e71fe32b8443",
                "reference": "27d2474ae8e39d30d28908d6f818e71fe32b8443",
                "shasum": ""
            },
            "require": {
                "composer-plugin-api": "^1.0"
            },
            "require-dev": {
                "composer/composer": "^1.5"
            },
            "type": "composer-plugin",
            "extra": {
                "class": "Mautic\\Composer\\InstallerPlugin"
            },
            "autoload": {
                "psr-4": {
                    "Mautic\\Composer\\": "src/"
                }
            },
            "notification-url": "https://packagist.org/downloads/",
            "license": [
                "MIT"
            ],
            "time": "2017-12-10T22:16:22+00:00"
        },
        {
            "name": "messagebird/php-rest-api",
            "version": "v1.9.4",
            "source": {
                "type": "git",
                "url": "https://github.com/messagebird/php-rest-api.git",
                "reference": "f2af2b8e1d319600a4911ca7b7d699647d3a260f"
            },
            "dist": {
                "type": "zip",
                "url": "https://api.github.com/repos/messagebird/php-rest-api/zipball/f2af2b8e1d319600a4911ca7b7d699647d3a260f",
                "reference": "f2af2b8e1d319600a4911ca7b7d699647d3a260f",
                "shasum": ""
            },
            "require": {
                "ext-curl": "*",
                "php": ">=5.3.0"
            },
            "require-dev": {
                "phpunit/phpunit": "4.7.*"
            },
            "type": "library",
            "autoload": {
                "psr-4": {
                    "MessageBird\\": "src/MessageBird/"
                }
            },
            "notification-url": "https://packagist.org/downloads/",
            "license": [
                "BSD-2-Clause"
            ],
            "authors": [
                {
                    "name": "MessageBird",
                    "email": "info@messagebird.com"
                }
            ],
            "description": "MessageBird REST API client for PHP",
            "homepage": "https://github.com/messagebird/php-rest-api",
            "time": "2018-03-20T13:28:31+00:00"
        }
    ],
    "packages-dev": [],
    "aliases": [],
    "minimum-stability": "stable",
    "stability-flags": [],
    "prefer-stable": false,
    "prefer-lowest": false,
    "platform": [],
    "platform-dev": []
}
